
Microsoft Visual Studio Solution File, Format Version 12.00
# Visual Studio 15
VisualStudioVersion = 15.0.27428.2037
MinimumVisualStudioVersion = 10.0.40219.1
Project("{00D1A9C2-B5F0-4AF3-8072-F6C62B433612}") = "DBDeploy_ChuanYeow", "DBDeploy_ChuanYeow\DBDeploy_ChuanYeow.sqlproj", "{06F3A023-57DB-40B5-9198-BC9ACA8DD6A1}"
EndProject
Project("{FAE04EC0-301F-11D3-BF4B-00C04F79EFBC}") = "WebAPI_ChuanYeow", "WebAPI_ChuanYeow\WebAPI_ChuanYeow.csproj", "{4B2E9058-283C-4FD9-BAE2-C86A0CBCF176}"
EndProject
Global
	GlobalSection(SolutionConfigurationPlatforms) = preSolution
		Debug|Any CPU = Debug|Any CPU
		Release|Any CPU = Release|Any CPU
	EndGlobalSection
	GlobalSection(ProjectConfigurationPlatforms) = postSolution
		{06F3A023-57DB-40B5-9198-BC9ACA8DD6A1}.Debug|Any CPU.ActiveCfg = Debug|Any CPU
		{06F3A023-57DB-40B5-9198-BC9ACA8DD6A1}.Debug|Any CPU.Build.0 = Debug|Any CPU
		{06F3A023-57DB-40B5-9198-BC9ACA8DD6A1}.Debug|Any CPU.Deploy.0 = Debug|Any CPU
		{06F3A023-57DB-40B5-9198-BC9ACA8DD6A1}.Release|Any CPU.ActiveCfg = Release|Any CPU
		{06F3A023-57DB-40B5-9198-BC9ACA8DD6A1}.Release|Any CPU.Build.0 = Release|Any CPU
		{06F3A023-57DB-40B5-9198-BC9ACA8DD6A1}.Release|Any CPU.Deploy.0 = Release|Any CPU
		{4B2E9058-283C-4FD9-BAE2-C86A0CBCF176}.Debug|Any CPU.ActiveCfg = Debug|Any CPU
		{4B2E9058-283C-4FD9-BAE2-C86A0CBCF176}.Debug|Any CPU.Build.0 = Debug|Any CPU
		{4B2E9058-283C-4FD9-BAE2-C86A0CBCF176}.Release|Any CPU.ActiveCfg = Release|Any CPU
		{4B2E9058-283C-4FD9-BAE2-C86A0CBCF176}.Release|Any CPU.Build.0 = Release|Any CPU
	EndGlobalSection
	GlobalSection(SolutionProperties) = preSolution
		HideSolutionNode = FALSE
	EndGlobalSection
	GlobalSection(ExtensibilityGlobals) = postSolution
		SolutionGuid = {8D9AC97F-CE2C-4691-B473-C5E700ED779A}
	EndGlobalSection
EndGlobal
